
Microsoft Visual Studio Solution File, Format Version 12.00
# Visual Studio 15
VisualStudioVersion = 15.0.28307.757
MinimumVisualStudioVersion = 10.0.40219.1
Project("{FAE04EC0-301F-11D3-BF4B-00C04F79EFBC}") = "Daaa", "Daaa\Daaa.csproj", "{9D20E8CE-7780-424F-82C0-BE1A567EDBBF}"
EndProject
Global
	GlobalSection(SolutionConfigurationPlatforms) = preSolution
		Debug|Any CPU = Debug|Any CPU
		Release|Any CPU = Release|Any CPU
	EndGlobalSection
	GlobalSection(ProjectConfigurationPlatforms) = postSolution
		{9D20E8CE-7780-424F-82C0-BE1A567EDBBF}.Debug|Any CPU.ActiveCfg = Debug|Any CPU
		{9D20E8CE-7780-424F-82C0-BE1A567EDBBF}.Debug|Any CPU.Build.0 = Debug|Any CPU
		{9D20E8CE-7780-424F-82C0-BE1A567EDBBF}.Release|Any CPU.ActiveCfg = Release|Any CPU
		{9D20E8CE-7780-424F-82C0-BE1A567EDBBF}.Release|Any CPU.Build.0 = Release|Any CPU
	EndGlobalSection
	GlobalSection(SolutionProperties) = preSolution
		HideSolutionNode = FALSE
	EndGlobalSection
	GlobalSection(ExtensibilityGlobals) = postSolution
		SolutionGuid = {078F0AC9-D1CB-48C1-BB79-EF0124DE2160}
	EndGlobalSection
EndGlobal
